
Microsoft Visual Studio Solution File, Format Version 11.00
# Visual Studio 2010
Project("{FAE04EC0-301F-11D3-BF4B-00C04F79EFBC}") = "GA-BO", "GA-BO\GA-BO.csproj", "{D15EE7B2-012C-440E-A570-6FE2B585D79E}"
EndProject
Global
	GlobalSection(SolutionConfigurationPlatforms) = preSolution
		Debug|x86 = Debug|x86
		Release|x86 = Release|x86
	EndGlobalSection
	GlobalSection(ProjectConfigurationPlatforms) = postSolution
		{D15EE7B2-012C-440E-A570-6FE2B585D79E}.Debug|x86.ActiveCfg = Debug|x86
		{D15EE7B2-012C-440E-A570-6FE2B585D79E}.Debug|x86.Build.0 = Debug|x86
		{D15EE7B2-012C-440E-A570-6FE2B585D79E}.Release|x86.ActiveCfg = Release|x86
		{D15EE7B2-012C-440E-A570-6FE2B585D79E}.Release|x86.Build.0 = Release|x86
	EndGlobalSection
	GlobalSection(SolutionProperties) = preSolution
		HideSolutionNode = FALSE
	EndGlobalSection
EndGlobal
